github.com/amenzhinsky/go-memexec v0.5.0 h1:Qjvz/0zFyUgyQL5xpO5y2NCYAlC51iWknV56crZePqs=
github.com/amenzhinsky/go-memexec v0.5.0/go.mod h1:bVxiS9BgvUiRYXDggqSfHRpa5LIZI3wQJwHjhYpON/Y=
github.com/blackhat-go/bhg v0.0.0-20220427195045-d136887b7205 h1:krIf6tbqHtJTzL/Q9O6ju9e8lLAuhXQ9Gt/UjwXlX4w=
github.com/blackhat-go/bhg v0.0.0-20220427195045-d136887b7205/go.mod h1:a42vHEya65PkqV3t+1Q0BLcL8QzkYaMPkK/duoDFV4c=
github.com/pkg/errors v0.8.1 h1:iURUrRGxPUNPdy5/HRSm+Yj6okJ6UtLINN0Q9M4+h3I=
github.com/pkg/errors v0.8.1/go.mod h1:bwawxfHBFNV+L2hUp1rHADufV3IMtnDRdf1r5NINEl0=
golang.org/x/sys v0.0.0-20210903071746-97244b99971b/go.mod h1:oPkhp1MJrh7nUepCBck5+mAzfO9JrbApNNgaTdGDITg=
golang.org/x/sys v0.1.0 h1:kunALQeHf1/185U1i0GOB/fy1IPRDDpuoOOqRReG57U=
golang.org/x/sys v0.1.0/go.mod h1:oPkhp1MJrh7nUepCBck5+mAzfO9JrbApNNgaTdGDITg=
